
Microsoft Visual Studio Solution File, Format Version 12.00
# Visual Studio Version 16
VisualStudioVersion = 16.0.31613.86
MinimumVisualStudioVersion = 10.0.40219.1
Project("{FAE04EC0-301F-11D3-BF4B-00C04F79EFBC}") = "ProcessStatistics", "ProcessStatistics\ProcessStatistics.csproj", "{27536AB9-93A9-4A04-B735-4B6637E6D9D0}"
EndProject
Global
	GlobalSection(SolutionConfigurationPlatforms) = preSolution
		Debug|Any CPU = Debug|Any CPU
		Release|Any CPU = Release|Any CPU
	EndGlobalSection
	GlobalSection(ProjectConfigurationPlatforms) = postSolution
		{27536AB9-93A9-4A04-B735-4B6637E6D9D0}.Debug|Any CPU.ActiveCfg = Debug|Any CPU
		{27536AB9-93A9-4A04-B735-4B6637E6D9D0}.Debug|Any CPU.Build.0 = Debug|Any CPU
		{27536AB9-93A9-4A04-B735-4B6637E6D9D0}.Release|Any CPU.ActiveCfg = Release|Any CPU
		{27536AB9-93A9-4A04-B735-4B6637E6D9D0}.Release|Any CPU.Build.0 = Release|Any CPU
	EndGlobalSection
	GlobalSection(SolutionProperties) = preSolution
		HideSolutionNode = FALSE
	EndGlobalSection
	GlobalSection(ExtensibilityGlobals) = postSolution
		SolutionGuid = {C759771F-AB5D-4790-8BA2-76A849617A3F}
	EndGlobalSection
EndGlobal
